
Microsoft Visual Studio Solution File, Format Version 12.00
# Visual Studio Version 17
VisualStudioVersion = 17.0.31903.59
MinimumVisualStudioVersion = 10.0.40219.1
Project("{FAE04EC0-301F-11D3-BF4B-00C04F79EFBC}") = "SteamWishlistChecker", "SteamWishlistChecker\SteamWishlistChecker.csproj", "{6895F7DA-40AF-4B1A-9586-2BB4A48938C6}"
EndProject
Project("{FAE04EC0-301F-11D3-BF4B-00C04F79EFBC}") = "SteamWishlistChecker.Tests", "SteamWishlistChecker.Tests\SteamWishlistChecker.Tests.csproj", "{5BE3A5D8-6709-4B3C-BF74-9BBDE6977D51}"
EndProject
Global
	GlobalSection(SolutionConfigurationPlatforms) = preSolution
		Debug|Any CPU = Debug|Any CPU
		Debug|x64 = Debug|x64
		Debug|x86 = Debug|x86
		Release|Any CPU = Release|Any CPU
		Release|x64 = Release|x64
		Release|x86 = Release|x86
	EndGlobalSection
	GlobalSection(ProjectConfigurationPlatforms) = postSolution
		{6895F7DA-40AF-4B1A-9586-2BB4A48938C6}.Debug|Any CPU.ActiveCfg = Debug|Any CPU
		{6895F7DA-40AF-4B1A-9586-2BB4A48938C6}.Debug|Any CPU.Build.0 = Debug|Any CPU
		{6895F7DA-40AF-4B1A-9586-2BB4A48938C6}.Debug|x64.ActiveCfg = Debug|Any CPU
		{6895F7DA-40AF-4B1A-9586-2BB4A48938C6}.Debug|x64.Build.0 = Debug|Any CPU
		{6895F7DA-40AF-4B1A-9586-2BB4A48938C6}.Debug|x86.ActiveCfg = Debug|Any CPU
		{6895F7DA-40AF-4B1A-9586-2BB4A48938C6}.Debug|x86.Build.0 = Debug|Any CPU
		{6895F7DA-40AF-4B1A-9586-2BB4A48938C6}.Release|Any CPU.ActiveCfg = Release|Any CPU
		{6895F7DA-40AF-4B1A-9586-2BB4A48938C6}.Release|Any CPU.Build.0 = Release|Any CPU
		{6895F7DA-40AF-4B1A-9586-2BB4A48938C6}.Release|x64.ActiveCfg = Release|Any CPU
		{6895F7DA-40AF-4B1A-9586-2BB4A48938C6}.Release|x64.Build.0 = Release|Any CPU
		{6895F7DA-40AF-4B1A-9586-2BB4A48938C6}.Release|x86.ActiveCfg = Release|Any CPU
		{6895F7DA-40AF-4B1A-9586-2BB4A48938C6}.Release|x86.Build.0 = Release|Any CPU
		{5BE3A5D8-6709-4B3C-BF74-9BBDE6977D51}.Debug|Any CPU.ActiveCfg = Debug|Any CPU
		{5BE3A5D8-6709-4B3C-BF74-9BBDE6977D51}.Debug|Any CPU.Build.0 = Debug|Any CPU
		{5BE3A5D8-6709-4B3C-BF74-9BBDE6977D51}.Debug|x64.ActiveCfg = Debug|Any CPU
		{5BE3A5D8-6709-4B3C-BF74-9BBDE6977D51}.Debug|x64.Build.0 = Debug|Any CPU
		{5BE3A5D8-6709-4B3C-BF74-9BBDE6977D51}.Debug|x86.ActiveCfg = Debug|Any CPU
		{5BE3A5D8-6709-4B3C-BF74-9BBDE6977D51}.Debug|x86.Build.0 = Debug|Any CPU
		{5BE3A5D8-6709-4B3C-BF74-9BBDE6977D51}.Release|Any CPU.ActiveCfg = Release|Any CPU
		{5BE3A5D8-6709-4B3C-BF74-9BBDE6977D51}.Release|Any CPU.Build.0 = Release|Any CPU
		{5BE3A5D8-6709-4B3C-BF74-9BBDE6977D51}.Release|x64.ActiveCfg = Release|Any CPU
		{5BE3A5D8-6709-4B3C-BF74-9BBDE6977D51}.Release|x64.Build.0 = Release|Any CPU
		{5BE3A5D8-6709-4B3C-BF74-9BBDE6977D51}.Release|x86.ActiveCfg = Release|Any CPU
		{5BE3A5D8-6709-4B3C-BF74-9BBDE6977D51}.Release|x86.Build.0 = Release|Any CPU
	EndGlobalSection
	GlobalSection(SolutionProperties) = preSolution
		HideSolutionNode = FALSE
	EndGlobalSection
EndGlobal
